<?xml version="1.0" encoding="utf-8"?>
<Project ToolsVersion="4.0" xmlns="http://schemas.microsoft.com/developer/msbuild/2003">
  <ItemGroup>
    <ClCompile Include="main.c" />
    <ClCompile Include="stdafx.c" />
    <ClCompile Include="Parts\Part01.c">
      <Filter>Part01 %28HelloWorld%29</Filter>
    </ClCompile>
    <ClCompile Include="Parts\Part02.c">
      <Filter>Part02 %28DataType%29</Filter>
    </ClCompile>
    <ClCompile Include="Parts\Part03.c">
      <Filter>Part03 %28Operator%29</Filter>
    </ClCompile>
    <ClCompile Include="Parts\Part04.c">
      <Filter>Part04 %28Conditional%29</Filter>
    </ClCompile>
    <ClCompile Include="Parts\Part05.c">
      <Filter>Part05 %28Loop%29</Filter>
    </ClCompile>
    <ClCompile Include="Parts\Part06.c">
      <Filter>Part06 %28Example%29</Filter>
    </ClCompile>
    <ClCompile Include="Parts\Part07.c">
      <Filter>Part07 %28Array%29</Filter>
    </ClCompile>
    <ClCompile Include="Parts\Part08.c">
      <Filter>Part08 %28Function%29</Filter>
    </ClCompile>
    <ClCompile Include="Parts\Part09.c">
      <Filter>Part09 %28UserDefinedDataType%29</Filter>
    </ClCompile>
  </ItemGroup>
  <ItemGroup>
    <ClInclude Include="stdafx.h" />
    <ClInclude Include="Parts\PartList.h" />
    <ClInclude Include="Parts\Part01.h">
      <Filter>Part01 %28HelloWorld%29</Filter>
    </ClInclude>
    <ClInclude Include="Parts\Part02.h">
      <Filter>Part02 %28DataType%29</Filter>
    </ClInclude>
    <ClInclude Include="Parts\Part03.h">
      <Filter>Part03 %28Operator%29</Filter>
    </ClInclude>
    <ClInclude Include="Parts\Part04.h">
      <Filter>Part04 %28Conditional%29</Filter>
    </ClInclude>
    <ClInclude Include="Parts\Part05.h">
      <Filter>Part05 %28Loop%29</Filter>
    </ClInclude>
    <ClInclude Include="Parts\Part06.h">
      <Filter>Part06 %28Example%29</Filter>
    </ClInclude>
    <ClInclude Include="Parts\Part07.h">
      <Filter>Part07 %28Array%29</Filter>
    </ClInclude>
    <ClInclude Include="Parts\Part08.h">
      <Filter>Part08 %28Function%29</Filter>
    </ClInclude>
    <ClInclude Include="Parts\Part09.h">
      <Filter>Part09 %28UserDefinedDataType%29</Filter>
    </ClInclude>
  </ItemGroup>
  <ItemGroup>
    <Filter Include="Part01 %28HelloWorld%29">
      <UniqueIdentifier>{33c4fcff-3fb7-4868-94b0-3b6b6a2514ca}</UniqueIdentifier>
    </Filter>
    <Filter Include="Part02 %28DataType%29">
      <UniqueIdentifier>{8a0badb5-0df3-4a21-83de-c7cabe642c75}</UniqueIdentifier>
    </Filter>
    <Filter Include="Part03 %28Operator%29">
      <UniqueIdentifier>{46e8eb6f-fba3-4f2d-8013-78052988f619}</UniqueIdentifier>
    </Filter>
    <Filter Include="Part04 %28Conditional%29">
      <UniqueIdentifier>{f6478cd7-334d-421d-91ab-8bc6c0cdc938}</UniqueIdentifier>
    </Filter>
    <Filter Include="Part05 %28Loop%29">
      <UniqueIdentifier>{1dacebe0-7c77-4ecb-84ad-d396207b64d5}</UniqueIdentifier>
    </Filter>
    <Filter Include="Part06 %28Example%29">
      <UniqueIdentifier>{9dc2631e-2f2b-468f-8d89-ed93bc72484b}</UniqueIdentifier>
    </Filter>
    <Filter Include="Part07 %28Array%29">
      <UniqueIdentifier>{de7a5d34-df0f-4fa9-ba78-7bbbc8c3297f}</UniqueIdentifier>
    </Filter>
    <Filter Include="Part08 %28Function%29">
      <UniqueIdentifier>{14a0bd4c-bcf1-49e6-addc-bc86b15eff48}</UniqueIdentifier>
    </Filter>
    <Filter Include="Part09 %28UserDefinedDataType%29">
      <UniqueIdentifier>{54c1384d-d97e-4c48-aa81-4eb9b16e98fc}</UniqueIdentifier>
    </Filter>
  </ItemGroup>
</Project>